<?xml version="1.0" encoding="utf-8"?>
<Project ToolsVersion="4.0" xmlns="http://schemas.microsoft.com/developer/msbuild/2003">
  <ItemGroup>
    <Filter Include="Main">
      <UniqueIdentifier>{4FC737F1-C7A5-4376-A066-2A32D752A2FF}</UniqueIdentifier>
      <Extensions>cpp;c;cc;cxx;def;odl;idl;hpj;bat;asm;asmx</Extensions>
    </Filter>
    <Filter Include="Console">
      <UniqueIdentifier>{cbea1f2f-6ce7-4a2b-b7e7-e997487014af}</UniqueIdentifier>
    </Filter>
    <Filter Include="Random">
      <UniqueIdentifier>{85bbae96-c9d1-44a1-a51c-434ff17f52b6}</UniqueIdentifier>
    </Filter>
    <Filter Include="Header Files">
      <UniqueIdentifier>{4bb53968-1a8f-4c8f-b2ec-8a563201a5d4}</UniqueIdentifier>
    </Filter>
    <Filter Include="Clock">
      <UniqueIdentifier>{cc4e8048-4109-469b-a417-da8c896e9b1b}</UniqueIdentifier>
    </Filter>
    <Filter Include="StateMachine">
      <UniqueIdentifier>{854220d5-1a13-49ed-8848-c4712c6fa913}</UniqueIdentifier>
    </Filter>
  </ItemGroup>
  <ItemGroup>
    <ClCompile Include="Console\Console.c">
      <Filter>Console</Filter>
    </ClCompile>
    <ClCompile Include="Random\Random.c">
      <Filter>Random</Filter>
    </ClCompile>
    <ClCompile Include="player.c">
      <Filter>Main</Filter>
    </ClCompile>
    <ClCompile Include="Clock\Clock.cpp">
      <Filter>Clock</Filter>
    </ClCompile>
    <ClCompile Include="map.c">
      <Filter>Main</Filter>
    </ClCompile>
    <ClCompile Include="snake.c">
      <Filter>Main</Filter>
    </ClCompile>
    <ClCompile Include="MainMenu.c">
      <Filter>Main</Filter>
    </ClCompile>
    <ClCompile Include="GameOver.c">
      <Filter>Main</Filter>
    </ClCompile>
    <ClCompile Include="Game.c">
      <Filter>Main</Filter>
    </ClCompile>
    <ClCompile Include="StateMachine.c">
      <Filter>StateMachine</Filter>
    </ClCompile>
  </ItemGroup>
  <ItemGroup>
    <ClInclude Include="Console\Console.h">
      <Filter>Console</Filter>
    </ClInclude>
    <ClInclude Include="Random\Random.h">
      <Filter>Random</Filter>
    </ClInclude>
    <ClInclude Include="global.h">
      <Filter>Header Files</Filter>
    </ClInclude>
    <ClInclude Include="player.h">
      <Filter>Header Files</Filter>
    </ClInclude>
    <ClInclude Include="Clock\Clock.h">
      <Filter>Clock</Filter>
    </ClInclude>
    <ClInclude Include="map.h">
      <Filter>Header Files</Filter>
    </ClInclude>
    <ClInclude Include="StateMachine.h">
      <Filter>StateMachine</Filter>
    </ClInclude>
  </ItemGroup>
</Project>